
Microsoft Visual Studio Solution File, Format Version 12.00
# Visual Studio Version 16
VisualStudioVersion = 16.0.31205.134
MinimumVisualStudioVersion = 10.0.40219.1
Project("{8BC9CEB8-8B4A-11D0-8D11-00A0C91BC942}") = "OMPProject", "OMPProject\OMPProject.vcxproj", "{C232BE26-4A51-4264-B143-CE1478F92335}"
EndProject
Global
	GlobalSection(SolutionConfigurationPlatforms) = preSolution
		Debug|x64 = Debug|x64
		Debug|x86 = Debug|x86
		Release|x64 = Release|x64
		Release|x86 = Release|x86
	EndGlobalSection
	GlobalSection(ProjectConfigurationPlatforms) = postSolution
		{C232BE26-4A51-4264-B143-CE1478F92335}.Debug|x64.ActiveCfg = Debug|x64
		{C232BE26-4A51-4264-B143-CE1478F92335}.Debug|x64.Build.0 = Debug|x64
		{C232BE26-4A51-4264-B143-CE1478F92335}.Debug|x86.ActiveCfg = Debug|Win32
		{C232BE26-4A51-4264-B143-CE1478F92335}.Debug|x86.Build.0 = Debug|Win32
		{C232BE26-4A51-4264-B143-CE1478F92335}.Release|x64.ActiveCfg = Release|x64
		{C232BE26-4A51-4264-B143-CE1478F92335}.Release|x64.Build.0 = Release|x64
		{C232BE26-4A51-4264-B143-CE1478F92335}.Release|x86.ActiveCfg = Release|Win32
		{C232BE26-4A51-4264-B143-CE1478F92335}.Release|x86.Build.0 = Release|Win32
	EndGlobalSection
	GlobalSection(SolutionProperties) = preSolution
		HideSolutionNode = FALSE
	EndGlobalSection
	GlobalSection(ExtensibilityGlobals) = postSolution
		SolutionGuid = {31364A2D-E838-4345-813E-FA05688DDD3B}
	EndGlobalSection
EndGlobal
