<?xml version="1.0" encoding="utf-8"?>
<Project ToolsVersion="4.0" xmlns="http://schemas.microsoft.com/developer/msbuild/2003">
  <ItemGroup>
    <ClCompile Include="main.c" />
    <ClCompile Include="naive_1t.c" />
    <ClCompile Include="naive_1t_2.c" />
    <ClCompile Include="naive_mt_dom.c" />
    <ClCompile Include="sieve_1t.c" />
    <ClCompile Include="sieve_mt_dom.c" />
    <ClCompile Include="sieve_mt_dom_cache.c" />
    <ClCompile Include="sieve_mt_fun.c" />
    <ClCompile Include="utils.c" />
    <ClCompile Include="naive_mt.c" />
  </ItemGroup>
  <ItemGroup>
    <ClInclude Include="algs.h" />
    <ClInclude Include="config.h" />
    <ClInclude Include="utils.h" />
  </ItemGroup>
</Project>